# Reviewed external GamerHQ Skills installed into development/production.
# Pin immutable commits or released artifacts; never track a moving branch.
# Recurring Posts 1.2.1 — generic collection identity mapping enabled.
gamerhq-skill-recurring-posts @ https://github.com/Duy-Phan96/gamerhq-skill-recurring-posts/archive/acbd05d287b1d4947f93a4da2d69fff2aa0fab0d.zip
