# Reviewed external GamerHQ Skills installed into development/production.
# Pin immutable commits or released artifacts; never track a moving branch.
# Recurring Posts 1.2.0 — Management UI Schema V1 reference Skill.
gamerhq-skill-recurring-posts @ https://github.com/Duy-Phan96/gamerhq-skill-recurring-posts/archive/d1b123db3425168d167ec589ea3135168ee11e8e.zip
